// !$*UTF8*$!
{
	archiveVersion = 1;
	classes = {
	};
	objectVersion = 52;
	objects = {

/* Begin PBXBuildFile section */
		367B1E5327CD416B00F1471E /* Realm in Frameworks */ = {isa = PBXBuildFile; productRef = 367B1E5227CD416B00F1471E /* Realm */; };
		367B1E5527CD416B00F1471E /* RealmSwift in Frameworks */ = {isa = PBXBuildFile; productRef = 367B1E5427CD416B00F1471E /* RealmSwift */; };
		367B1E5827CD44D600F1471E /* FirebaseAnalytics in Frameworks */ = {isa = PBXBuildFile; productRef = 367B1E5727CD44D600F1471E /* FirebaseAnalytics */; };
		367B1E5A27CD44D600F1471E /* FirebaseAuth in Frameworks */ = {isa = PBXBuildFile; productRef = 367B1E5927CD44D600F1471E /* FirebaseAuth */; };
		367B1E5C27CD44D600F1471E /* FirebaseDatabase in Frameworks */ = {isa = PBXBuildFile; productRef = 367B1E5B27CD44D600F1471E /* FirebaseDatabase */; };
		367B1E5E27CD44D600F1471E /* FirebaseFirestore in Frameworks */ = {isa = PBXBuildFile; productRef = 367B1E5D27CD44D600F1471E /* FirebaseFirestore */; };
		367B1E6027CD44D600F1471E /* FirebaseFunctionsCombine-Community in Frameworks */ = {isa = PBXBuildFile; productRef = 367B1E5F27CD44D600F1471E /* FirebaseFunctionsCombine-Community */; };
		367B1E6227CD44D600F1471E /* FirebaseStorage in Frameworks */ = {isa = PBXBuildFile; productRef = 367B1E6127CD44D600F1471E /* FirebaseStorage */; };
		3692433A27CE095C004F0FE4 /* GoogleService-Info.plist in Resources */ = {isa = PBXBuildFile; fileRef = 3692433927CE095C004F0FE4 /* GoogleService-Info.plist */; };
		3692435927CFD4FC004F0FE4 /* .swiftlint.yml in Resources */ = {isa = PBXBuildFile; fileRef = 3692435827CFD4FC004F0FE4 /* .swiftlint.yml */; };
		3692438927D073E2004F0FE4 /* ProjectManagerTests in Resources */ = {isa = PBXBuildFile; fileRef = 3692438827D073E2004F0FE4 /* ProjectManagerTests */; };
		3692438E27D077AB004F0FE4 /* JSONParser.swift in Sources */ = {isa = PBXBuildFile; fileRef = 3692438D27D077AB004F0FE4 /* JSONParser.swift */; };
		3692439027D07EAB004F0FE4 /* ProcessStatus.swift in Sources */ = {isa = PBXBuildFile; fileRef = 3692438F27D07EAB004F0FE4 /* ProcessStatus.swift */; };
		3692439227D07F12004F0FE4 /* Task.swift in Sources */ = {isa = PBXBuildFile; fileRef = 3692439127D07F12004F0FE4 /* Task.swift */; };
		3692439427D09AA4004F0FE4 /* TaskManager.swift in Sources */ = {isa = PBXBuildFile; fileRef = 3692439327D09AA4004F0FE4 /* TaskManager.swift */; };
		3692439627D0A11B004F0FE4 /* sample.json in Resources */ = {isa = PBXBuildFile; fileRef = 3692439527D0A11B004F0FE4 /* sample.json */; };
		369243BC27D1F445004F0FE4 /* TaskListViewModel.swift in Sources */ = {isa = PBXBuildFile; fileRef = 369243BB27D1F445004F0FE4 /* TaskListViewModel.swift */; };
		369243BE27D20585004F0FE4 /* StorageProtocol.swift in Sources */ = {isa = PBXBuildFile; fileRef = 369243BD27D20585004F0FE4 /* StorageProtocol.swift */; };
		369243C727D21158004F0FE4 /* TaskTableViewCell.swift in Sources */ = {isa = PBXBuildFile; fileRef = 369243C527D21158004F0FE4 /* TaskTableViewCell.swift */; };
		369243C827D21158004F0FE4 /* TaskTableViewCell.xib in Resources */ = {isa = PBXBuildFile; fileRef = 369243C627D21158004F0FE4 /* TaskTableViewCell.xib */; };
		369243CB27D21627004F0FE4 /* TimeInterval+DateToString.swift in Sources */ = {isa = PBXBuildFile; fileRef = 369243CA27D21627004F0FE4 /* TimeInterval+DateToString.swift */; };
		369243CD27D218FD004F0FE4 /* UITableViewCell+Identifier.swift in Sources */ = {isa = PBXBuildFile; fileRef = 369243CC27D218FD004F0FE4 /* UITableViewCell+Identifier.swift */; };
		369243CF27D21931004F0FE4 /* UITableView+ReuseCell.swift in Sources */ = {isa = PBXBuildFile; fileRef = 369243CE27D21931004F0FE4 /* UITableView+ReuseCell.swift */; };
		C7431F0625F51E1D0094C4CF /* AppDelegate.swift in Sources */ = {isa = PBXBuildFile; fileRef = C7431F0525F51E1D0094C4CF /* AppDelegate.swift */; };
		C7431F0825F51E1D0094C4CF /* SceneDelegate.swift in Sources */ = {isa = PBXBuildFile; fileRef = C7431F0725F51E1D0094C4CF /* SceneDelegate.swift */; };
		C7431F0A25F51E1D0094C4CF /* TaskListViewController.swift in Sources */ = {isa = PBXBuildFile; fileRef = C7431F0925F51E1D0094C4CF /* TaskListViewController.swift */; };
		C7431F0D25F51E1D0094C4CF /* Main.storyboard in Resources */ = {isa = PBXBuildFile; fileRef = C7431F0B25F51E1D0094C4CF /* Main.storyboard */; };
		C7431F0F25F51E1E0094C4CF /* Assets.xcassets in Resources */ = {isa = PBXBuildFile; fileRef = C7431F0E25F51E1E0094C4CF /* Assets.xcassets */; };
		C7431F1225F51E1E0094C4CF /* LaunchScreen.storyboard in Resources */ = {isa = PBXBuildFile; fileRef = C7431F1025F51E1E0094C4CF /* LaunchScreen.storyboard */; };
/* End PBXBuildFile section */

/* Begin PBXContainerItemProxy section */
		3692438327D073CC004F0FE4 /* PBXContainerItemProxy */ = {
			isa = PBXContainerItemProxy;
			containerPortal = C7431EFA25F51E1D0094C4CF /* Project object */;
			proxyType = 1;
			remoteGlobalIDString = C7431F0125F51E1D0094C4CF;
			remoteInfo = ProjectManager;
		};
/* End PBXContainerItemProxy section */

/* Begin PBXFileReference section */
		3692433927CE095C004F0FE4 /* GoogleService-Info.plist */ = {isa = PBXFileReference; fileEncoding = 4; lastKnownFileType = text.plist.xml; path = "GoogleService-Info.plist"; sourceTree = "<group>"; };
		3692435827CFD4FC004F0FE4 /* .swiftlint.yml */ = {isa = PBXFileReference; lastKnownFileType = text.yaml; path = .swiftlint.yml; sourceTree = "<group>"; };
		3692437F27D073CC004F0FE4 /* ProjectManagerTests.xctest */ = {isa = PBXFileReference; explicitFileType = wrapper.cfbundle; includeInIndex = 0; path = ProjectManagerTests.xctest; sourceTree = BUILT_PRODUCTS_DIR; };
		3692438827D073E2004F0FE4 /* ProjectManagerTests */ = {isa = PBXFileReference; lastKnownFileType = folder; path = ProjectManagerTests; sourceTree = "<group>"; };
		3692438A27D0751B004F0FE4 /* Info.plist */ = {isa = PBXFileReference; fileEncoding = 4; lastKnownFileType = text.plist.xml; path = Info.plist; sourceTree = "<group>"; };
		3692438D27D077AB004F0FE4 /* JSONParser.swift */ = {isa = PBXFileReference; lastKnownFileType = sourcecode.swift; path = JSONParser.swift; sourceTree = "<group>"; };
		3692438F27D07EAB004F0FE4 /* ProcessStatus.swift */ = {isa = PBXFileReference; lastKnownFileType = sourcecode.swift; path = ProcessStatus.swift; sourceTree = "<group>"; };
		3692439127D07F12004F0FE4 /* Task.swift */ = {isa = PBXFileReference; lastKnownFileType = sourcecode.swift; path = Task.swift; sourceTree = "<group>"; };
		3692439327D09AA4004F0FE4 /* TaskManager.swift */ = {isa = PBXFileReference; lastKnownFileType = sourcecode.swift; path = TaskManager.swift; sourceTree = "<group>"; };
		3692439527D0A11B004F0FE4 /* sample.json */ = {isa = PBXFileReference; fileEncoding = 4; lastKnownFileType = text.json; path = sample.json; sourceTree = "<group>"; };
		369243BB27D1F445004F0FE4 /* TaskListViewModel.swift */ = {isa = PBXFileReference; lastKnownFileType = sourcecode.swift; path = TaskListViewModel.swift; sourceTree = "<group>"; };
		369243BD27D20585004F0FE4 /* StorageProtocol.swift */ = {isa = PBXFileReference; lastKnownFileType = sourcecode.swift; path = StorageProtocol.swift; sourceTree = "<group>"; };
		369243C527D21158004F0FE4 /* TaskTableViewCell.swift */ = {isa = PBXFileReference; lastKnownFileType = sourcecode.swift; path = TaskTableViewCell.swift; sourceTree = "<group>"; };
		369243C627D21158004F0FE4 /* TaskTableViewCell.xib */ = {isa = PBXFileReference; lastKnownFileType = file.xib; path = TaskTableViewCell.xib; sourceTree = "<group>"; };
		369243CA27D21627004F0FE4 /* TimeInterval+DateToString.swift */ = {isa = PBXFileReference; lastKnownFileType = sourcecode.swift; path = "TimeInterval+DateToString.swift"; sourceTree = "<group>"; };
		369243CC27D218FD004F0FE4 /* UITableViewCell+Identifier.swift */ = {isa = PBXFileReference; lastKnownFileType = sourcecode.swift; path = "UITableViewCell+Identifier.swift"; sourceTree = "<group>"; };
		369243CE27D21931004F0FE4 /* UITableView+ReuseCell.swift */ = {isa = PBXFileReference; fileEncoding = 4; lastKnownFileType = sourcecode.swift; path = "UITableView+ReuseCell.swift"; sourceTree = "<group>"; };
		C7431F0225F51E1D0094C4CF /* ProjectManager.app */ = {isa = PBXFileReference; explicitFileType = wrapper.application; includeInIndex = 0; path = ProjectManager.app; sourceTree = BUILT_PRODUCTS_DIR; };
		C7431F0525F51E1D0094C4CF /* AppDelegate.swift */ = {isa = PBXFileReference; lastKnownFileType = sourcecode.swift; path = AppDelegate.swift; sourceTree = "<group>"; };
		C7431F0725F51E1D0094C4CF /* SceneDelegate.swift */ = {isa = PBXFileReference; lastKnownFileType = sourcecode.swift; path = SceneDelegate.swift; sourceTree = "<group>"; };
		C7431F0925F51E1D0094C4CF /* TaskListViewController.swift */ = {isa = PBXFileReference; lastKnownFileType = sourcecode.swift; path = TaskListViewController.swift; sourceTree = "<group>"; };
		C7431F0C25F51E1D0094C4CF /* Base */ = {isa = PBXFileReference; lastKnownFileType = file.storyboard; name = Base; path = Base.lproj/Main.storyboard; sourceTree = "<group>"; };
		C7431F0E25F51E1E0094C4CF /* Assets.xcassets */ = {isa = PBXFileReference; lastKnownFileType = folder.assetcatalog; path = Assets.xcassets; sourceTree = "<group>"; };
		C7431F1125F51E1E0094C4CF /* Base */ = {isa = PBXFileReference; lastKnownFileType = file.storyboard; name = Base; path = Base.lproj/LaunchScreen.storyboard; sourceTree = "<group>"; };
/* End PBXFileReference section */

/* Begin PBXFrameworksBuildPhase section */
		3692437C27D073CC004F0FE4 /* Frameworks */ = {
			isa = PBXFrameworksBuildPhase;
			buildActionMask = 2147483647;
			files = (
			);
			runOnlyForDeploymentPostprocessing = 0;
		};
		C7431EFF25F51E1D0094C4CF /* Frameworks */ = {
			isa = PBXFrameworksBuildPhase;
			buildActionMask = 2147483647;
			files = (
				367B1E6027CD44D600F1471E /* FirebaseFunctionsCombine-Community in Frameworks */,
				367B1E5C27CD44D600F1471E /* FirebaseDatabase in Frameworks */,
				367B1E5527CD416B00F1471E /* RealmSwift in Frameworks */,
				367B1E5327CD416B00F1471E /* Realm in Frameworks */,
				367B1E5827CD44D600F1471E /* FirebaseAnalytics in Frameworks */,
				367B1E6227CD44D600F1471E /* FirebaseStorage in Frameworks */,
				367B1E5A27CD44D600F1471E /* FirebaseAuth in Frameworks */,
				367B1E5E27CD44D600F1471E /* FirebaseFirestore in Frameworks */,
			);
			runOnlyForDeploymentPostprocessing = 0;
		};
/* End PBXFrameworksBuildPhase section */

/* Begin PBXGroup section */
		3692435A27D071BC004F0FE4 /* Model */ = {
			isa = PBXGroup;
			children = (
				3692438F27D07EAB004F0FE4 /* ProcessStatus.swift */,
				3692439127D07F12004F0FE4 /* Task.swift */,
			);
			path = Model;
			sourceTree = "<group>";
		};
		3692435B27D071C4004F0FE4 /* ViewModel */ = {
			isa = PBXGroup;
			children = (
				369243BB27D1F445004F0FE4 /* TaskListViewModel.swift */,
			);
			path = ViewModel;
			sourceTree = "<group>";
		};
		3692435C27D071CE004F0FE4 /* View */ = {
			isa = PBXGroup;
			children = (
				C7431F0925F51E1D0094C4CF /* TaskListViewController.swift */,
				C7431F0B25F51E1D0094C4CF /* Main.storyboard */,
				C7431F1025F51E1E0094C4CF /* LaunchScreen.storyboard */,
				369243C527D21158004F0FE4 /* TaskTableViewCell.swift */,
				369243C627D21158004F0FE4 /* TaskTableViewCell.xib */,
			);
			path = View;
			sourceTree = "<group>";
		};
		3692435D27D0720F004F0FE4 /* Resources */ = {
			isa = PBXGroup;
			children = (
				C7431F0E25F51E1E0094C4CF /* Assets.xcassets */,
				3692433927CE095C004F0FE4 /* GoogleService-Info.plist */,
				3692438A27D0751B004F0FE4 /* Info.plist */,
				3692439527D0A11B004F0FE4 /* sample.json */,
			);
			path = Resources;
			sourceTree = "<group>";
		};
		3692438C27D0778D004F0FE4 /* Utility */ = {
			isa = PBXGroup;
			children = (
				3692438D27D077AB004F0FE4 /* JSONParser.swift */,
			);
			path = Utility;
			sourceTree = "<group>";
		};
		369243B727D1CCE0004F0FE4 /* Repository */ = {
			isa = PBXGroup;
			children = (
				369243BD27D20585004F0FE4 /* StorageProtocol.swift */,
			);
			path = Repository;
			sourceTree = "<group>";
		};
		369243BA27D1F3BD004F0FE4 /* Domain */ = {
			isa = PBXGroup;
			children = (
				3692439327D09AA4004F0FE4 /* TaskManager.swift */,
			);
			path = Domain;
			sourceTree = "<group>";
		};
		369243C927D215ED004F0FE4 /* Extensions */ = {
			isa = PBXGroup;
			children = (
				369243CA27D21627004F0FE4 /* TimeInterval+DateToString.swift */,
				369243CE27D21931004F0FE4 /* UITableView+ReuseCell.swift */,
				369243CC27D218FD004F0FE4 /* UITableViewCell+Identifier.swift */,
			);
			path = Extensions;
			sourceTree = "<group>";
		};
		C7431EF925F51E1D0094C4CF = {
			isa = PBXGroup;
			children = (
				3692435827CFD4FC004F0FE4 /* .swiftlint.yml */,
				C7431F0425F51E1D0094C4CF /* ProjectManager */,
				3692438827D073E2004F0FE4 /* ProjectManagerTests */,
				C7431F0325F51E1D0094C4CF /* Products */,
			);
			sourceTree = "<group>";
		};
		C7431F0325F51E1D0094C4CF /* Products */ = {
			isa = PBXGroup;
			children = (
				C7431F0225F51E1D0094C4CF /* ProjectManager.app */,
				3692437F27D073CC004F0FE4 /* ProjectManagerTests.xctest */,
			);
			name = Products;
			sourceTree = "<group>";
		};
		C7431F0425F51E1D0094C4CF /* ProjectManager */ = {
			isa = PBXGroup;
			children = (
				369243B727D1CCE0004F0FE4 /* Repository */,
				3692435A27D071BC004F0FE4 /* Model */,
				369243BA27D1F3BD004F0FE4 /* Domain */,
				3692435B27D071C4004F0FE4 /* ViewModel */,
				3692435C27D071CE004F0FE4 /* View */,
				369243C927D215ED004F0FE4 /* Extensions */,
				3692438C27D0778D004F0FE4 /* Utility */,
				3692435D27D0720F004F0FE4 /* Resources */,
				C7431F0525F51E1D0094C4CF /* AppDelegate.swift */,
				C7431F0725F51E1D0094C4CF /* SceneDelegate.swift */,
			);
			path = ProjectManager;
			sourceTree = "<group>";
		};
/* End PBXGroup section */

/* Begin PBXNativeTarget section */
		3692437E27D073CC004F0FE4 /* ProjectManagerTests */ = {
			isa = PBXNativeTarget;
			buildConfigurationList = 3692438527D073CC004F0FE4 /* Build configuration list for PBXNativeTarget "ProjectManagerTests" */;
			buildPhases = (
				3692437B27D073CC004F0FE4 /* Sources */,
				3692437C27D073CC004F0FE4 /* Frameworks */,
				3692437D27D073CC004F0FE4 /* Resources */,
			);
			buildRules = (
			);
			dependencies = (
				3692438427D073CC004F0FE4 /* PBXTargetDependency */,
			);
			name = ProjectManagerTests;
			productName = ProjectManagerTests;
			productReference = 3692437F27D073CC004F0FE4 /* ProjectManagerTests.xctest */;
			productType = "com.apple.product-type.bundle.unit-test";
		};
		C7431F0125F51E1D0094C4CF /* ProjectManager */ = {
			isa = PBXNativeTarget;
			buildConfigurationList = C7431F1625F51E1E0094C4CF /* Build configuration list for PBXNativeTarget "ProjectManager" */;
			buildPhases = (
				C7431EFE25F51E1D0094C4CF /* Sources */,
				C7431EFF25F51E1D0094C4CF /* Frameworks */,
				C7431F0025F51E1D0094C4CF /* Resources */,
				3692435727CFD4AE004F0FE4 /* ShellScript */,
			);
			buildRules = (
			);
			dependencies = (
			);
			name = ProjectManager;
			packageProductDependencies = (
				367B1E5227CD416B00F1471E /* Realm */,
				367B1E5427CD416B00F1471E /* RealmSwift */,
				367B1E5727CD44D600F1471E /* FirebaseAnalytics */,
				367B1E5927CD44D600F1471E /* FirebaseAuth */,
				367B1E5B27CD44D600F1471E /* FirebaseDatabase */,
				367B1E5D27CD44D600F1471E /* FirebaseFirestore */,
				367B1E5F27CD44D600F1471E /* FirebaseFunctionsCombine-Community */,
				367B1E6127CD44D600F1471E /* FirebaseStorage */,
			);
			productName = ProjectManager;
			productReference = C7431F0225F51E1D0094C4CF /* ProjectManager.app */;
			productType = "com.apple.product-type.application";
		};
/* End PBXNativeTarget section */

/* Begin PBXProject section */
		C7431EFA25F51E1D0094C4CF /* Project object */ = {
			isa = PBXProject;
			attributes = {
				LastSwiftUpdateCheck = 1310;
				LastUpgradeCheck = 1240;
				TargetAttributes = {
					3692437E27D073CC004F0FE4 = {
						CreatedOnToolsVersion = 13.1;
						TestTargetID = C7431F0125F51E1D0094C4CF;
					};
					C7431F0125F51E1D0094C4CF = {
						CreatedOnToolsVersion = 12.4;
					};
				};
			};
			buildConfigurationList = C7431EFD25F51E1D0094C4CF /* Build configuration list for PBXProject "ProjectManager" */;
			compatibilityVersion = "Xcode 9.3";
			developmentRegion = en;
			hasScannedForEncodings = 0;
			knownRegions = (
				en,
				Base,
			);
			mainGroup = C7431EF925F51E1D0094C4CF;
			packageReferences = (
				367B1E5127CD416B00F1471E /* XCRemoteSwiftPackageReference "realm-swift" */,
				367B1E5627CD44D600F1471E /* XCRemoteSwiftPackageReference "firebase-ios-sdk" */,
			);
			productRefGroup = C7431F0325F51E1D0094C4CF /* Products */;
			projectDirPath = "";
			projectRoot = "";
			targets = (
				C7431F0125F51E1D0094C4CF /* ProjectManager */,
				3692437E27D073CC004F0FE4 /* ProjectManagerTests */,
			);
		};
/* End PBXProject section */

/* Begin PBXResourcesBuildPhase section */
		3692437D27D073CC004F0FE4 /* Resources */ = {
			isa = PBXResourcesBuildPhase;
			buildActionMask = 2147483647;
			files = (
				3692438927D073E2004F0FE4 /* ProjectManagerTests in Resources */,
			);
			runOnlyForDeploymentPostprocessing = 0;
		};
		C7431F0025F51E1D0094C4CF /* Resources */ = {
			isa = PBXResourcesBuildPhase;
			buildActionMask = 2147483647;
			files = (
				3692435927CFD4FC004F0FE4 /* .swiftlint.yml in Resources */,
				C7431F1225F51E1E0094C4CF /* LaunchScreen.storyboard in Resources */,
				3692433A27CE095C004F0FE4 /* GoogleService-Info.plist in Resources */,
				C7431F0F25F51E1E0094C4CF /* Assets.xcassets in Resources */,
				C7431F0D25F51E1D0094C4CF /* Main.storyboard in Resources */,
				3692439627D0A11B004F0FE4 /* sample.json in Resources */,
				369243C827D21158004F0FE4 /* TaskTableViewCell.xib in Resources */,
			);
			runOnlyForDeploymentPostprocessing = 0;
		};
/* End PBXResourcesBuildPhase section */

/* Begin PBXShellScriptBuildPhase section */
		3692435727CFD4AE004F0FE4 /* ShellScript */ = {
			isa = PBXShellScriptBuildPhase;
			buildActionMask = 2147483647;
			files = (
			);
			inputFileListPaths = (
			);
			inputPaths = (
			);
			outputFileListPaths = (
			);
			outputPaths = (
			);
			runOnlyForDeploymentPostprocessing = 0;
			shellPath = /bin/sh;
			shellScript = "if test -d \"/opt/homebrew/bin/\"; then\n  PATH=\"/opt/homebrew/bin/:${PATH}\"\nfi\n\nexport PATH\n\nif which swiftlint >/dev/null; then\n  swiftlint\nelse\n  echo \"warning: SwiftLint not installed, download from https://github.com/realm/SwiftLint\"\nfi\n";
		};
/* End PBXShellScriptBuildPhase section */

/* Begin PBXSourcesBuildPhase section */
		3692437B27D073CC004F0FE4 /* Sources */ = {
			isa = PBXSourcesBuildPhase;
			buildActionMask = 2147483647;
			files = (
			);
			runOnlyForDeploymentPostprocessing = 0;
		};
		C7431EFE25F51E1D0094C4CF /* Sources */ = {
			isa = PBXSourcesBuildPhase;
			buildActionMask = 2147483647;
			files = (
				C7431F0A25F51E1D0094C4CF /* TaskListViewController.swift in Sources */,
				369243CF27D21931004F0FE4 /* UITableView+ReuseCell.swift in Sources */,
				3692439427D09AA4004F0FE4 /* TaskManager.swift in Sources */,
				369243C727D21158004F0FE4 /* TaskTableViewCell.swift in Sources */,
				3692439027D07EAB004F0FE4 /* ProcessStatus.swift in Sources */,
				369243CB27D21627004F0FE4 /* TimeInterval+DateToString.swift in Sources */,
				C7431F0625F51E1D0094C4CF /* AppDelegate.swift in Sources */,
				3692438E27D077AB004F0FE4 /* JSONParser.swift in Sources */,
				369243BC27D1F445004F0FE4 /* TaskListViewModel.swift in Sources */,
				369243CD27D218FD004F0FE4 /* UITableViewCell+Identifier.swift in Sources */,
				3692439227D07F12004F0FE4 /* Task.swift in Sources */,
				369243BE27D20585004F0FE4 /* StorageProtocol.swift in Sources */,
				C7431F0825F51E1D0094C4CF /* SceneDelegate.swift in Sources */,
			);
			runOnlyForDeploymentPostprocessing = 0;
		};
/* End PBXSourcesBuildPhase section */

/* Begin PBXTargetDependency section */
		3692438427D073CC004F0FE4 /* PBXTargetDependency */ = {
			isa = PBXTargetDependency;
			target = C7431F0125F51E1D0094C4CF /* ProjectManager */;
			targetProxy = 3692438327D073CC004F0FE4 /* PBXContainerItemProxy */;
		};
/* End PBXTargetDependency section */

/* Begin PBXVariantGroup section */
		C7431F0B25F51E1D0094C4CF /* Main.storyboard */ = {
			isa = PBXVariantGroup;
			children = (
				C7431F0C25F51E1D0094C4CF /* Base */,
			);
			name = Main.storyboard;
			sourceTree = "<group>";
		};
		C7431F1025F51E1E0094C4CF /* LaunchScreen.storyboard */ = {
			isa = PBXVariantGroup;
			children = (
				C7431F1125F51E1E0094C4CF /* Base */,
			);
			name = LaunchScreen.storyboard;
			sourceTree = "<group>";
		};
/* End PBXVariantGroup section */

/* Begin XCBuildConfiguration section */
		3692438627D073CC004F0FE4 /* Debug */ = {
			isa = XCBuildConfiguration;
			buildSettings = {
				BUNDLE_LOADER = "$(TEST_HOST)";
				CLANG_CXX_LANGUAGE_STANDARD = "gnu++17";
				CODE_SIGN_STYLE = Automatic;
				CURRENT_PROJECT_VERSION = 1;
				DEVELOPMENT_TEAM = XD7KFVM4LP;
				GENERATE_INFOPLIST_FILE = YES;
				IPHONEOS_DEPLOYMENT_TARGET = 15.0;
				LD_RUNPATH_SEARCH_PATHS = (
					"$(inherited)",
					"@executable_path/Frameworks",
					"@loader_path/Frameworks",
				);
				MARKETING_VERSION = 1.0;
				PRODUCT_BUNDLE_IDENTIFIER = com.applecider.ProjectManagerTests;
				PRODUCT_NAME = "$(TARGET_NAME)";
				SWIFT_EMIT_LOC_STRINGS = NO;
				SWIFT_VERSION = 5.0;
				TARGETED_DEVICE_FAMILY = "1,2";
				TEST_HOST = "$(BUILT_PRODUCTS_DIR)/ProjectManager.app/ProjectManager";
			};
			name = Debug;
		};
		3692438727D073CC004F0FE4 /* Release */ = {
			isa = XCBuildConfiguration;
			buildSettings = {
				BUNDLE_LOADER = "$(TEST_HOST)";
				CLANG_CXX_LANGUAGE_STANDARD = "gnu++17";
				CODE_SIGN_STYLE = Automatic;
				CURRENT_PROJECT_VERSION = 1;
				DEVELOPMENT_TEAM = XD7KFVM4LP;
				GENERATE_INFOPLIST_FILE = YES;
				IPHONEOS_DEPLOYMENT_TARGET = 15.0;
				LD_RUNPATH_SEARCH_PATHS = (
					"$(inherited)",
					"@executable_path/Frameworks",
					"@loader_path/Frameworks",
				);
				MARKETING_VERSION = 1.0;
				PRODUCT_BUNDLE_IDENTIFIER = com.applecider.ProjectManagerTests;
				PRODUCT_NAME = "$(TARGET_NAME)";
				SWIFT_EMIT_LOC_STRINGS = NO;
				SWIFT_VERSION = 5.0;
				TARGETED_DEVICE_FAMILY = "1,2";
				TEST_HOST = "$(BUILT_PRODUCTS_DIR)/ProjectManager.app/ProjectManager";
			};
			name = Release;
		};
		C7431F1425F51E1E0094C4CF /* Debug */ = {
			isa = XCBuildConfiguration;
			buildSettings = {
				ALWAYS_SEARCH_USER_PATHS = NO;
				CLANG_ANALYZER_NONNULL = YES;
				CLANG_ANALYZER_NUMBER_OBJECT_CONVERSION = YES_AGGRESSIVE;
				CLANG_CXX_LANGUAGE_STANDARD = "gnu++14";
				CLANG_CXX_LIBRARY = "libc++";
				CLANG_ENABLE_MODULES = YES;
				CLANG_ENABLE_OBJC_ARC = YES;
				CLANG_ENABLE_OBJC_WEAK = YES;
				CLANG_WARN_BLOCK_CAPTURE_AUTORELEASING = YES;
				CLANG_WARN_BOOL_CONVERSION = YES;
				CLANG_WARN_COMMA = YES;
				CLANG_WARN_CONSTANT_CONVERSION = YES;
				CLANG_WARN_DEPRECATED_OBJC_IMPLEMENTATIONS = YES;
				CLANG_WARN_DIRECT_OBJC_ISA_USAGE = YES_ERROR;
				CLANG_WARN_DOCUMENTATION_COMMENTS = YES;
				CLANG_WARN_EMPTY_BODY = YES;
				CLANG_WARN_ENUM_CONVERSION = YES;
				CLANG_WARN_INFINITE_RECURSION = YES;
				CLANG_WARN_INT_CONVERSION = YES;
				CLANG_WARN_NON_LITERAL_NULL_CONVERSION = YES;
				CLANG_WARN_OBJC_IMPLICIT_RETAIN_SELF = YES;
				CLANG_WARN_OBJC_LITERAL_CONVERSION = YES;
				CLANG_WARN_OBJC_ROOT_CLASS = YES_ERROR;
				CLANG_WARN_QUOTED_INCLUDE_IN_FRAMEWORK_HEADER = YES;
				CLANG_WARN_RANGE_LOOP_ANALYSIS = YES;
				CLANG_WARN_STRICT_PROTOTYPES = YES;
				CLANG_WARN_SUSPICIOUS_MOVE = YES;
				CLANG_WARN_UNGUARDED_AVAILABILITY = YES_AGGRESSIVE;
				CLANG_WARN_UNREACHABLE_CODE = YES;
				CLANG_WARN__DUPLICATE_METHOD_MATCH = YES;
				COPY_PHASE_STRIP = NO;
				DEBUG_INFORMATION_FORMAT = dwarf;
				ENABLE_STRICT_OBJC_MSGSEND = YES;
				ENABLE_TESTABILITY = YES;
				GCC_C_LANGUAGE_STANDARD = gnu11;
				GCC_DYNAMIC_NO_PIC = NO;
				GCC_NO_COMMON_BLOCKS = YES;
				GCC_OPTIMIZATION_LEVEL = 0;
				GCC_PREPROCESSOR_DEFINITIONS = (
					"DEBUG=1",
					"$(inherited)",
				);
				GCC_WARN_64_TO_32_BIT_CONVERSION = YES;
				GCC_WARN_ABOUT_RETURN_TYPE = YES_ERROR;
				GCC_WARN_UNDECLARED_SELECTOR = YES;
				GCC_WARN_UNINITIALIZED_AUTOS = YES_AGGRESSIVE;
				GCC_WARN_UNUSED_FUNCTION = YES;
				GCC_WARN_UNUSED_VARIABLE = YES;
				IPHONEOS_DEPLOYMENT_TARGET = 13.0;
				MTL_ENABLE_DEBUG_INFO = INCLUDE_SOURCE;
				MTL_FAST_MATH = YES;
				ONLY_ACTIVE_ARCH = YES;
				OTHER_LDFLAGS = "-ObjC";
				SDKROOT = iphoneos;
				SWIFT_ACTIVE_COMPILATION_CONDITIONS = DEBUG;
				SWIFT_OPTIMIZATION_LEVEL = "-Onone";
			};
			name = Debug;
		};
		C7431F1525F51E1E0094C4CF /* Release */ = {
			isa = XCBuildConfiguration;
			buildSettings = {
				ALWAYS_SEARCH_USER_PATHS = NO;
				CLANG_ANALYZER_NONNULL = YES;
				CLANG_ANALYZER_NUMBER_OBJECT_CONVERSION = YES_AGGRESSIVE;
				CLANG_CXX_LANGUAGE_STANDARD = "gnu++14";
				CLANG_CXX_LIBRARY = "libc++";
				CLANG_ENABLE_MODULES = YES;
				CLANG_ENABLE_OBJC_ARC = YES;
				CLANG_ENABLE_OBJC_WEAK = YES;
				CLANG_WARN_BLOCK_CAPTURE_AUTORELEASING = YES;
				CLANG_WARN_BOOL_CONVERSION = YES;
				CLANG_WARN_COMMA = YES;
				CLANG_WARN_CONSTANT_CONVERSION = YES;
				CLANG_WARN_DEPRECATED_OBJC_IMPLEMENTATIONS = YES;
				CLANG_WARN_DIRECT_OBJC_ISA_USAGE = YES_ERROR;
				CLANG_WARN_DOCUMENTATION_COMMENTS = YES;
				CLANG_WARN_EMPTY_BODY = YES;
				CLANG_WARN_ENUM_CONVERSION = YES;
				CLANG_WARN_INFINITE_RECURSION = YES;
				CLANG_WARN_INT_CONVERSION = YES;
				CLANG_WARN_NON_LITERAL_NULL_CONVERSION = YES;
				CLANG_WARN_OBJC_IMPLICIT_RETAIN_SELF = YES;
				CLANG_WARN_OBJC_LITERAL_CONVERSION = YES;
				CLANG_WARN_OBJC_ROOT_CLASS = YES_ERROR;
				CLANG_WARN_QUOTED_INCLUDE_IN_FRAMEWORK_HEADER = YES;
				CLANG_WARN_RANGE_LOOP_ANALYSIS = YES;
				CLANG_WARN_STRICT_PROTOTYPES = YES;
				CLANG_WARN_SUSPICIOUS_MOVE = YES;
				CLANG_WARN_UNGUARDED_AVAILABILITY = YES_AGGRESSIVE;
				CLANG_WARN_UNREACHABLE_CODE = YES;
				CLANG_WARN__DUPLICATE_METHOD_MATCH = YES;
				COPY_PHASE_STRIP = NO;
				DEBUG_INFORMATION_FORMAT = "dwarf-with-dsym";
				ENABLE_NS_ASSERTIONS = NO;
				ENABLE_STRICT_OBJC_MSGSEND = YES;
				GCC_C_LANGUAGE_STANDARD = gnu11;
				GCC_NO_COMMON_BLOCKS = YES;
				GCC_WARN_64_TO_32_BIT_CONVERSION = YES;
				GCC_WARN_ABOUT_RETURN_TYPE = YES_ERROR;
				GCC_WARN_UNDECLARED_SELECTOR = YES;
				GCC_WARN_UNINITIALIZED_AUTOS = YES_AGGRESSIVE;
				GCC_WARN_UNUSED_FUNCTION = YES;
				GCC_WARN_UNUSED_VARIABLE = YES;
				IPHONEOS_DEPLOYMENT_TARGET = 13.0;
				MTL_ENABLE_DEBUG_INFO = NO;
				MTL_FAST_MATH = YES;
				OTHER_LDFLAGS = "-ObjC";
				SDKROOT = iphoneos;
				SWIFT_COMPILATION_MODE = wholemodule;
				SWIFT_OPTIMIZATION_LEVEL = "-O";
				VALIDATE_PRODUCT = YES;
			};
			name = Release;
		};
		C7431F1725F51E1E0094C4CF /* Debug */ = {
			isa = XCBuildConfiguration;
			buildSettings = {
				ASSETCATALOG_COMPILER_APPICON_NAME = AppIcon;
				ASSETCATALOG_COMPILER_GLOBAL_ACCENT_COLOR_NAME = AccentColor;
				CODE_SIGN_STYLE = Automatic;
				DEVELOPMENT_TEAM = XD7KFVM4LP;
				INFOPLIST_FILE = ProjectManager/Resources/Info.plist;
				IPHONEOS_DEPLOYMENT_TARGET = 13.0;
				LD_RUNPATH_SEARCH_PATHS = (
					"$(inherited)",
					"@executable_path/Frameworks",
				);
				PRODUCT_BUNDLE_IDENTIFIER = net.applecider.ProjectManager;
				PRODUCT_NAME = "$(TARGET_NAME)";
				SWIFT_VERSION = 5.0;
				TARGETED_DEVICE_FAMILY = 2;
			};
			name = Debug;
		};
		C7431F1825F51E1E0094C4CF /* Release */ = {
			isa = XCBuildConfiguration;
			buildSettings = {
				ASSETCATALOG_COMPILER_APPICON_NAME = AppIcon;
				ASSETCATALOG_COMPILER_GLOBAL_ACCENT_COLOR_NAME = AccentColor;
				CODE_SIGN_STYLE = Automatic;
				DEVELOPMENT_TEAM = XD7KFVM4LP;
				INFOPLIST_FILE = ProjectManager/Resources/Info.plist;
				IPHONEOS_DEPLOYMENT_TARGET = 13.0;
				LD_RUNPATH_SEARCH_PATHS = (
					"$(inherited)",
					"@executable_path/Frameworks",
				);
				PRODUCT_BUNDLE_IDENTIFIER = net.applecider.ProjectManager;
				PRODUCT_NAME = "$(TARGET_NAME)";
				SWIFT_VERSION = 5.0;
				TARGETED_DEVICE_FAMILY = 2;
			};
			name = Release;
		};
/* End XCBuildConfiguration section */

/* Begin XCConfigurationList section */
		3692438527D073CC004F0FE4 /* Build configuration list for PBXNativeTarget "ProjectManagerTests" */ = {
			isa = XCConfigurationList;
			buildConfigurations = (
				3692438627D073CC004F0FE4 /* Debug */,
				3692438727D073CC004F0FE4 /* Release */,
			);
			defaultConfigurationIsVisible = 0;
			defaultConfigurationName = Release;
		};
		C7431EFD25F51E1D0094C4CF /* Build configuration list for PBXProject "ProjectManager" */ = {
			isa = XCConfigurationList;
			buildConfigurations = (
				C7431F1425F51E1E0094C4CF /* Debug */,
				C7431F1525F51E1E0094C4CF /* Release */,
			);
			defaultConfigurationIsVisible = 0;
			defaultConfigurationName = Release;
		};
		C7431F1625F51E1E0094C4CF /* Build configuration list for PBXNativeTarget "ProjectManager" */ = {
			isa = XCConfigurationList;
			buildConfigurations = (
				C7431F1725F51E1E0094C4CF /* Debug */,
				C7431F1825F51E1E0094C4CF /* Release */,
			);
			defaultConfigurationIsVisible = 0;
			defaultConfigurationName = Release;
		};
/* End XCConfigurationList section */

/* Begin XCRemoteSwiftPackageReference section */
		367B1E5127CD416B00F1471E /* XCRemoteSwiftPackageReference "realm-swift" */ = {
			isa = XCRemoteSwiftPackageReference;
			repositoryURL = "https://github.com/realm/realm-swift.git";
			requirement = {
				kind = upToNextMajorVersion;
				minimumVersion = 5.0.0;
			};
		};
		367B1E5627CD44D600F1471E /* XCRemoteSwiftPackageReference "firebase-ios-sdk" */ = {
			isa = XCRemoteSwiftPackageReference;
			repositoryURL = "https://github.com/firebase/firebase-ios-sdk.git";
			requirement = {
				kind = upToNextMajorVersion;
				minimumVersion = 8.0.0;
			};
		};
/* End XCRemoteSwiftPackageReference section */

/* Begin XCSwiftPackageProductDependency section */
		367B1E5227CD416B00F1471E /* Realm */ = {
			isa = XCSwiftPackageProductDependency;
			package = 367B1E5127CD416B00F1471E /* XCRemoteSwiftPackageReference "realm-swift" */;
			productName = Realm;
		};
		367B1E5427CD416B00F1471E /* RealmSwift */ = {
			isa = XCSwiftPackageProductDependency;
			package = 367B1E5127CD416B00F1471E /* XCRemoteSwiftPackageReference "realm-swift" */;
			productName = RealmSwift;
		};
		367B1E5727CD44D600F1471E /* FirebaseAnalytics */ = {
			isa = XCSwiftPackageProductDependency;
			package = 367B1E5627CD44D600F1471E /* XCRemoteSwiftPackageReference "firebase-ios-sdk" */;
			productName = FirebaseAnalytics;
		};
		367B1E5927CD44D600F1471E /* FirebaseAuth */ = {
			isa = XCSwiftPackageProductDependency;
			package = 367B1E5627CD44D600F1471E /* XCRemoteSwiftPackageReference "firebase-ios-sdk" */;
			productName = FirebaseAuth;
		};
		367B1E5B27CD44D600F1471E /* FirebaseDatabase */ = {
			isa = XCSwiftPackageProductDependency;
			package = 367B1E5627CD44D600F1471E /* XCRemoteSwiftPackageReference "firebase-ios-sdk" */;
			productName = FirebaseDatabase;
		};
		367B1E5D27CD44D600F1471E /* FirebaseFirestore */ = {
			isa = XCSwiftPackageProductDependency;
			package = 367B1E5627CD44D600F1471E /* XCRemoteSwiftPackageReference "firebase-ios-sdk" */;
			productName = FirebaseFirestore;
		};
		367B1E5F27CD44D600F1471E /* FirebaseFunctionsCombine-Community */ = {
			isa = XCSwiftPackageProductDependency;
			package = 367B1E5627CD44D600F1471E /* XCRemoteSwiftPackageReference "firebase-ios-sdk" */;
			productName = "FirebaseFunctionsCombine-Community";
		};
		367B1E6127CD44D600F1471E /* FirebaseStorage */ = {
			isa = XCSwiftPackageProductDependency;
			package = 367B1E5627CD44D600F1471E /* XCRemoteSwiftPackageReference "firebase-ios-sdk" */;
			productName = FirebaseStorage;
		};
/* End XCSwiftPackageProductDependency section */
	};
	rootObject = C7431EFA25F51E1D0094C4CF /* Project object */;
}
